{
    "_meta": {
        "hash": {
            "sha256": "833bd4f8a319a317b2a4b1aaf44ddbc46a55f613de8b51be183da7c77fd75998"
        },
        "pipfile-spec": 6,
        "requires": {
            "python_version": "3.7"
        },
        "sources": [
            {
                "name": "pypi",
                "url": "https://pypi.org/simple",
                "verify_ssl": true
            }
        ]
    },
    "default": {
        "beautifulsoup4": {
            "hashes": [
                "sha256:034740f6cb549b4e932ae1ab975581e6103ac8f942200a0e9759065984391858",
                "sha256:945065979fb8529dd2f37dbb58f00b661bdbcbebf954f93b32fdf5263ef35348",
                "sha256:ba6d5c59906a85ac23dadfe5c88deaf3e179ef565f4898671253e50a78680718"
            ],
            "index": "pypi",
            "version": "==4.7.1"
        },
        "certifi": {
            "hashes": [
                "sha256:59b7658e26ca9c7339e00f8f4636cdfe59d34fa37b9b04f6f9e9926b3cece1a5",
                "sha256:b26104d6835d1f5e49452a26eb2ff87fe7090b89dfcaee5ea2212697e1e1d7ae"
            ],
            "index": "pypi",
            "version": "==2019.3.9"
        },
        "chardet": {
            "hashes": [
                "sha256:84ab92ed1c4d4f16916e05906b6b75a6c0fb5db821cc65e70cbd64a3e2a5eaae",
                "sha256:fc323ffcaeaed0e0a02bf4d117757b98aed530d9ed4531e3e15460124c106691"
            ],
            "index": "pypi",
            "version": "==3.0.4"
        },
        "idna": {
            "hashes": [
                "sha256:c357b3f628cf53ae2c4c05627ecc484553142ca23264e593d327bcde5e9c3407",
                "sha256:ea8b7f6188e6fa117537c3df7da9fc686d485087abf6ac197f9c46432f7e4a3c"
            ],
            "index": "pypi",
            "version": "==2.8"
        },
        "pyqt5": {
            "hashes": [
                "sha256:020e8771ad66429587d3db6cceb028be3435e2c65f417dcc8e3b3e644b6ab1d7",
                "sha256:399fd9c3b3786210d9d2a86bc73255cc03c997b454480b7c0daf3e1a09e1ab58",
                "sha256:c0565737d1d5fd40a7e14b6692bfec1f1e1f0be082ae70d1776c44561980e3c4",
                "sha256:d4e88208dfd017636e4b1f407990d0c3b6cf47afed6be4f2fb6ca887ef513e4b"
            ],
            "index": "pypi",
            "version": "==5.12.1"
        },
        "pyqt5-sip": {
            "hashes": [
                "sha256:0aed4266e52f4d11947439d9df8c57d4578e92258ad0d70645f9f69b627b35c7",
                "sha256:15750a4a3718c68ba662eede7310612aedad70c9727497908bf2eeddd255d16f",
                "sha256:2071265b7a603354b624b6cfae4ea032719e341799fb925961fd192f328fd203",
                "sha256:31a59f76168df007b480b9382256c20f8898c642e1394df2990559f0f6389f66",
                "sha256:39ce455bf5be5c1b20db10d840a536f70c3454be3baa7adca22f67ed90507853",
                "sha256:5d8a4b8e75fa6c9f837ea92793f1aeacbf3929f1d11cdf36f9604c1876182aca",
                "sha256:6bf9bacac776257390dd3f8a703d12c8228e4eb1aa0b191f1550965f44e4c23a",
                "sha256:87a76841e07e6dae5df34dded427708b5ea8d605c017e0bb6e56a7354959271e",
                "sha256:9f0ad4198f2657da9d59a393c266959362c517445cace842051e5ad564fa8fb0",
                "sha256:cbb0f24e3bfa1403bf3a05f30066d4457509aa411d6c6823d02b0508b787b8ea",
                "sha256:d38d379fa4f5c86a8ea92b8fab42748f37de093d21a25c34b2339eb2764ee5d5",
                "sha256:f24413d34707525a0fe1448b9574089242b9baa7c604ae5714abef9ad1749839"
            ],
            "index": "pypi",
            "version": "==4.19.15"
        },
        "requests": {
            "hashes": [
                "sha256:502a824f31acdacb3a35b6690b5fbf0bc41d63a24a45c4004352b0242707598e",
                "sha256:7bf2a778576d825600030a110f3c0e3e8edc51dfaafe1c146e39a2027784957b"
            ],
            "index": "pypi",
            "version": "==2.21.0"
        },
        "soupsieve": {
            "hashes": [
                "sha256:6898e82ecb03772a0d82bd0d0a10c0d6dcc342f77e0701d0ec4a8271be465ece",
                "sha256:b20eff5e564529711544066d7dc0f7661df41232ae263619dede5059799cdfca"
            ],
            "version": "==1.9.1"
        },
        "urllib3": {
            "hashes": [
                "sha256:4c291ca23bbb55c76518905869ef34bdd5f0e46af7afe6861e8375643ffee1a0",
                "sha256:9a247273df709c4fedb38c711e44292304f73f39ab01beda9f6b9fc375669ac3"
            ],
            "index": "pypi",
            "version": "==1.24.2"
        }
    },
    "develop": {}
}
